{
  "_readme": [
    "This file locks the dependencies of your project to a known state",
    "Read more about it at https://getcomposer.org/doc/01-basic-usage.md#installing-dependencies",
    "This file is @generated automatically"
  ],
  "content-hash": "fb0b0fdfe274ec274b40fa916d596ff0",
  "packages": [],
  "packages-dev": [
    {
      "name": "saggre/phpdocumentor-markdown",
      "version": "0.1.3",
      "source": {
        "type": "git",
        "url": "https://github.com/Saggre/phpDocumentor-markdown.git",
        "reference": "35cf7221561ce75eba4301b770e329be45c6dba1"
      },
      "dist": {
        "type": "zip",
        "url": "https://api.github.com/repos/Saggre/phpDocumentor-markdown/zipball/35cf7221561ce75eba4301b770e329be45c6dba1",
        "reference": "35cf7221561ce75eba4301b770e329be45c6dba1",
        "shasum": ""
      },
      "require-dev": {
        "php": ">=7.4",
        "phpunit/phpunit": "^9.5",
        "twig/twig": "2.*"
      },
      "type": "library",
      "autoload": {
        "psr-4": {
          "PhpDocumentorMarkdown\\": "src/"
        }
      },
      "notification-url": "https://packagist.org/downloads/",
      "license": [
        "MIT"
      ],
      "authors": [
        {
          "name": "Saggre",
          "email": "sakri.koskimies@hotmail.com"
        }
      ],
      "description": "Markdown template for phpDocumentor3",
      "keywords": [
        "documentation",
        "github",
        "gitlab",
        "markdown",
        "phpDocumentor",
        "phpdoc"
      ],
      "support": {
        "issues": "https://github.com/Saggre/phpDocumentor-markdown/issues",
        "source": "https://github.com/Saggre/phpDocumentor-markdown/tree/0.1.3"
      },
      "time": "2022-04-20T17:19:33+00:00"
    }
  ],
  "aliases": [],
  "minimum-stability": "stable",
  "stability-flags": [],
  "prefer-stable": false,
  "prefer-lowest": false,
  "platform": [],
  "platform-dev": [],
  "plugin-api-version": "2.3.0"
}
